{
  "version": "5",
  "specifiers": {
    "npm:@react-email/components@1.0.12": "1.0.12_react@19.3.0_react-dom@19.3.0",
    "npm:@supabase/supabase-js@2.117.2": "2.117.2",
    "npm:@types/react@19.3.0": "19.3.0",
    "npm:react@19.3.0": "19.3.0"
  },
  "npm": {
    "@react-email/body@0.3.0_react@19.3.0": {
      "integrity": "sha512-uGo0BOOzjbMUo3lu+BIDWayvn5o6Xyfmnlla5VGf05n8gHMvO1ll7U4FtzWe3hxMLwt53pmc4iE0M+B5slG+Ug==",
      "dependencies": [
        "react"
      ],
      "deprecated": true
    },
    "@react-email/button@0.2.1_react@19.3.0": {
      "integrity": "sha512-qXyj7RZLE7POy9BMKSoqQ00tOXThjOZSUnI2Yu9i29IHngPlmrNayIWBoVKtElES7OWwypUcpiajwi1mUWx6/A==",
      "dependencies": [
        "react"
      ],
      "deprecated": true
    },
    "@react-email/code-block@0.2.1_react@19.3.0": {
      "integrity": "sha512-M3B7JpVH4ytgn83/ujRR1k1DQHvTeABiDM61OvAbjLRPhC/5KLHU5KkzIbbuGIrjWwxAbL1kSQzU8MhLEtSxyw==",
      "dependencies": [
        "prismjs",
        "react"
      ],
      "deprecated": true
    },
    "@react-email/code-inline@0.0.6_react@19.3.0": {
      "integrity": "sha512-jfhebvv3dVsp3OdPgKXnk8+e2pBiDVZejDOBFzBa/IblrAJ9cQDkN6rBD5IyEg8hTOxwbw3iaI/yZFmDmIguIA==",
      "dependencies": [
        "react"
      ],
      "deprecated": true
    },
    "@react-email/column@0.0.14_react@19.3.0": {
      "integrity": "sha512-f+W+Bk2AjNO77zynE33rHuQhyqVICx4RYtGX9NKsGUg0wWjdGP0qAuIkhx9Rnmk4/hFMo1fUrtYNqca9fwJdHg==",
      "dependencies": [
        "react"
      ],
      "deprecated": true
    },
    "@react-email/components@1.0.12_react@19.3.0_react-dom@19.3.0": {
      "integrity": "sha512-tH18JhPDWgE+3jnYkzyB6ZrZdfNnEsFe4PwmuXmlOw4NGIysP8wPY5aXZg++pTG9qUabXg1nzX/FGHGkObH8xQ==",
      "dependencies": [
        "@react-email/body",
        "@react-email/button",
        "@react-email/code-block",
        "@react-email/code-inline",
        "@react-email/column",
        "@react-email/container",
        "@react-email/font",
        "@react-email/head",
        "@react-email/heading",
        "@react-email/hr",
        "@react-email/html",
        "@react-email/img",
        "@react-email/link",
        "@react-email/markdown",
        "@react-email/preview",
        "@react-email/render",
        "@react-email/row",
        "@react-email/section",
        "@react-email/tailwind",
        "@react-email/text",
        "react"
      ],
      "deprecated": true
    },
    "@react-email/container@0.0.16_react@19.3.0": {
      "integrity": "sha512-QWBB56RkkU0AJ9h+qy33gfT5iuZknPC7Un/IjZv9B0QmMIK+WWacc0cH6y2SV5Cv/b99hU94fjEMOOO4enpkbQ==",
      "dependencies": [
        "react"
      ],
      "deprecated": true
    },
    "@react-email/font@0.0.10_react@19.3.0": {
      "integrity": "sha512-0urVSgCmQIfx5r7Xc586miBnQUVnGp3OTYUm8m5pwtQRdTRO5XrTtEfNJ3JhYhSOruV0nD8fd+dXtKXobum6tA==",
      "dependencies": [
        "react"
      ],
      "deprecated": true
    },
    "@react-email/head@0.0.13_react@19.3.0": {
      "integrity": "sha512-AJg6le/08Gz4tm+6MtKXqtNNyKHzmooOCdmtqmWxD7FxoAdU1eVcizhtQ0gcnVaY6ethEyE/hnEzQxt1zu5Kog==",
      "dependencies": [
        "react"
      ],
      "deprecated": true
    },
    "@react-email/heading@0.0.16_react@19.3.0": {
      "integrity": "sha512-jmsKnQm1ykpBzw4hCYHwBkt5pW2jScXffPeEH5ZRF5tZeF5b1pvlFTO9han7C0pCkZYo1kEvWiRtx69yfCIwuw==",
      "dependencies": [
        "react"
      ],
      "deprecated": true
    },
    "@react-email/hr@0.0.12_react@19.3.0": {
      "integrity": "sha512-TwmOmBDibavUQpXBxpmZYi2Iks/yeZOzFYh+di9EltMSnEabH8dMZXrl+pxNXzCgZ2XE8HY7VmUL65Lenfu5PA==",
      "dependencies": [
        "react"
      ],
      "deprecated": true
    },
    "@react-email/html@0.0.12_react@19.3.0": {
      "integrity": "sha512-KTShZesan+UsreU7PDUV90afrZwU5TLwYlALuCSU0OT+/U8lULNNbAUekg+tGwCnOfIKYtpDPKkAMRdYlqUznw==",
      "dependencies": [
        "react"
      ],
      "deprecated": true
    },
    "@react-email/img@0.0.12_react@19.3.0": {
      "integrity": "sha512-sRCpEARNVTf3FQhZOC+JTvu5r6ubiYWkT0ucYXg8ctkyi4G8QG+jgYPiNUqVeTLA2STOfmPM/nrk1nb84y6CPQ==",
      "dependencies": [
        "react"
      ],
      "deprecated": true
    },
    "@react-email/link@0.0.13_react@19.3.0": {
      "integrity": "sha512-lkWc/NjOcefRZMkQoSDDbuKBEBDES9aXnFEOuPH845wD3TxPwh+QTf0fStuzjoRLUZWpHnio4z7qGGRYusn/sw==",
      "dependencies": [
        "react"
      ],
      "deprecated": true
    },
    "@react-email/markdown@0.0.18_react@19.3.0": {
      "integrity": "sha512-gSuYK5fsMbGk87jDebqQ6fa2fKcWlkf2Dkva8kMONqLgGCq8/0d+ZQYMEJsdidIeBo3kmsnHZPrwdFB4HgjUXg==",
      "dependencies": [
        "marked",
        "react"
      ],
      "deprecated": true
    },
    "@react-email/preview@0.0.14_react@19.3.0": {
      "integrity": "sha512-aYK8q0IPkBXyMsbpMXgxazwHxYJxTrXrV95GFuu2HbEiIToMwSyUgb8HDFYwPqqfV03/jbwqlsXmFxsOd+VNaw==",
      "dependencies": [
        "react"
      ],
      "deprecated": true
    },
    "@react-email/render@2.0.6_react@19.3.0_react-dom@19.3.0": {
      "integrity": "sha512-xOzaYkH3jLZKqN5MqrTXYnmqBYUnZSVbkxdb5PGGmDcK6sKDVMliaDiSwfXajRC9JtSHTcGc2tmGLHWuCgVpog==",
      "dependencies": [
        "html-to-text",
        "prettier",
        "react",
        "react-dom"
      ]
    },
    "@react-email/row@0.0.13_react@19.3.0": {
      "integrity": "sha512-bYnOac40vIKCId7IkwuLAAsa3fKfSfqCvv6epJKmPE0JBuu5qI4FHFCl9o9dVpIIS08s/ub+Y/txoMt0dYziGw==",
      "dependencies": [
        "react"
      ],
      "deprecated": true
    },
    "@react-email/section@0.0.17_react@19.3.0": {
      "integrity": "sha512-qNl65ye3W0Rd5udhdORzTV9ezjb+GFqQQSae03NDzXtmJq6sqVXNWNiVolAjvJNypim+zGXmv6J9TcV5aNtE/w==",
      "dependencies": [
        "react"
      ],
      "deprecated": true
    },
    "@react-email/tailwind@2.0.7_@react-email+body@0.3.0_@react-email+button@0.2.1_@react-email+code-block@0.2.1_@react-email+code-inline@0.0.6_@react-email+container@0.0.16_@react-email+heading@0.0.16_@react-email+hr@0.0.12_@react-email+img@0.0.12_@react-email+link@0.0.13_@react-email+preview@0.0.14_@react-email+text@0.1.6_react@19.3.0": {
      "integrity": "sha512-kGw80weVFXikcnCXbigTGXGWQ0MRCSYNCudcdkWxebkWYd0FG6/NPoN3V1p/u68/4+NxZwYPVi2fhnp0x23HdA==",
      "dependencies": [
        "@react-email/body",
        "@react-email/button",
        "@react-email/code-block",
        "@react-email/code-inline",
        "@react-email/container",
        "@react-email/heading",
        "@react-email/hr",
        "@react-email/img",
        "@react-email/link",
        "@react-email/preview",
        "@react-email/text",
        "react",
        "tailwindcss"
      ],
      "optionalPeers": [
        "@react-email/body",
        "@react-email/button",
        "@react-email/code-block",
        "@react-email/code-inline",
        "@react-email/container",
        "@react-email/heading",
        "@react-email/hr",
        "@react-email/img",
        "@react-email/link",
        "@react-email/preview"
      ],
      "deprecated": true
    },
    "@react-email/text@0.1.6_react@19.3.0": {
      "integrity": "sha512-TYqkioRS45wTR5il3dYk/SbUjjEdhSwh9BtRNB99qNH1pXAwA45H7rAuxehiu8iJQJH0IyIr+6n62gBz9ezmsw==",
      "dependencies": [
        "react"
      ],
      "deprecated": true
    },
    "@selderee/plugin-htmlparser2@0.11.0": {
      "integrity": "sha512-P33hHGdldxGabLFjPPpaTxVolMrzrcegejx+0GxjrIb9Zv48D8yAIA/QTDR2dFl7Uz7urX8aX6+5bCZslr+gWQ==",
      "dependencies": [
        "domhandler",
        "selderee"
      ]
    },
    "@supabase/auth-js@2.117.2": {
      "integrity": "sha512-Z3WnGwrphYZubrLbxp5Iv0tLA9A5GhvKzJ/ZXglxqwd2QEH2R4dXRltjVJ8sIn4xEW2BSFIGT0yALVJIgZeDYw==",
      "dependencies": [
        "tslib"
      ]
    },
    "@supabase/functions-js@2.117.2": {
      "integrity": "sha512-6DT4ZIjmZxa9ANKaBIrjc86AyKrX8M376ynvNeOBBVad3eP7x3UHqWfDR2ynFkHGzCuOpr1A+kObmnahxuwuog==",
      "dependencies": [
        "tslib"
      ]
    },
    "@supabase/phoenix@0.4.5": {
      "integrity": "sha512-aAn9H9ovVyeApKy11OWOrrOGq8DV68yWeH4ud2lN9fzn4aO8Zb5GLL9m1pUg9nLqIcT+ZDfAcsZe0E/nqdv2lw=="
    },
    "@supabase/postgrest-js@2.117.2": {
      "integrity": "sha512-V1Qhn+M8xzJqCasOxHZ2KG19Fj39PxU7weEAmOK65/KTsWCRXboB4hcQwFvxRvM7ZikeP9IZWNvQkfjvSxzYFw==",
      "dependencies": [
        "tslib"
      ]
    },
    "@supabase/realtime-js@2.117.2": {
      "integrity": "sha512-lYXSAIg3eAKA58riUED6Vb+TCzF8jtx18uOoiCaVJ7ZMre6FWBpwB1MPeW+B6vykJT/hPdiuqwcSB7ILMS21ew==",
      "dependencies": [
        "@supabase/phoenix",
        "tslib"
      ]
    },
    "@supabase/storage-js@2.117.2": {
      "integrity": "sha512-8gAJoVaxZa/War2kFRfJMxGk4M190Q7lJ70BofwGlRxU/u9pIodd6XyTvmXkxOKXWuIYtkDaYPZrIAUt1T/7FQ==",
      "dependencies": [
        "iceberg-js",
        "tslib"
      ]
    },
    "@supabase/supabase-js@2.117.2": {
      "integrity": "sha512-eSG2VKnHR+Clp1PmidZ1/weJ8PJwoybjva3L2GgKqFG4YDS1Iqmc61psKGZP5xw6OMT2O7ZorPR42PY6q1BOXg==",
      "dependencies": [
        "@supabase/auth-js",
        "@supabase/functions-js",
        "@supabase/postgrest-js",
        "@supabase/realtime-js",
        "@supabase/storage-js"
      ]
    },
    "@types/react@19.3.0": {
      "integrity": "sha512-N0rFCuH9YoxG9/m61l9MfpJKfmLOVU0em7ipIz6TRgSSkvReLB9vL85GB+yr8Bs5leqpvg96JSwF4ZS1s4viQg==",
      "dependencies": [
        "csstype"
      ]
    },
    "csstype@3.2.3": {
      "integrity": "sha512-z1HGKcYy2xA8AGQfwrn0PAy+PB7X/GSj3UVJW9qKyn43xWa+gl5nXmU4qqLMRzWVLFC8KusUX8T/0kCiOYpAIQ=="
    },
    "deepmerge@4.3.1": {
      "integrity": "sha512-3sUqbMEc77XqpdNO7FRyRog+eW3ph+GYCbj+rK+uYyRMuwsVy0rMiVtPn+QJlKFvWP/1PYpapqYn0Me2knFn+A=="
    },
    "dom-serializer@2.0.0": {
      "integrity": "sha512-wIkAryiqt/nV5EQKqQpo3SToSOV9J0DnbJqwK7Wv/Trc92zIAYZ4FlMu+JPFW1DfGFt81ZTCGgDEabffXeLyJg==",
      "dependencies": [
        "domelementtype",
        "domhandler",
        "entities"
      ]
    },
    "domelementtype@2.3.0": {
      "integrity": "sha512-OLETBj6w0OsagBwdXnPdN0cnMfF9opN69co+7ZrbfPGrdpPVNBUj02spi6B1N7wChLQiPn4CSH/zJvXw56gmHw=="
    },
    "domhandler@5.0.3": {
      "integrity": "sha512-cgwlv/1iFQiFnU96XXgROh8xTeetsnJiDsTc7TYCLFd9+/WNkIqPTxiM/8pSd8VIrhXGTf1Ny1q1hquVqDJB5w==",
      "dependencies": [
        "domelementtype"
      ]
    },
    "domutils@3.2.2": {
      "integrity": "sha512-6kZKyUajlDuqlHKVX1w7gyslj9MPIXzIFiz/rGu35uC1wMi+kMhQwGhl4lt9unC9Vb9INnY9Z3/ZA3+FhASLaw==",
      "dependencies": [
        "dom-serializer",
        "domelementtype",
        "domhandler"
      ]
    },
    "entities@4.5.0": {
      "integrity": "sha512-V0hjH4dGPh9Ao5p0MoRY6BVqtwCjhz6vI5LT8AJ55H+4g9/4vbHx1I54fS0XuclLhDHArPQCiMjDxjaL8fPxhw=="
    },
    "html-to-text@9.0.5": {
      "integrity": "sha512-qY60FjREgVZL03vJU6IfMV4GDjGBIoOyvuFdpBDIX9yTlDw0TjxVBQp+P8NvpdIXNJvfWBTNul7fsAQJq2FNpg==",
      "dependencies": [
        "@selderee/plugin-htmlparser2",
        "deepmerge",
        "dom-serializer",
        "htmlparser2",
        "selderee"
      ]
    },
    "htmlparser2@8.0.2": {
      "integrity": "sha512-GYdjWKDkbRLkZ5geuHs5NY1puJ+PXwP7+fHPRz06Eirsb9ugf6d8kkXav6ADhcODhFFPMIXyxkxSuMf3D6NCFA==",
      "dependencies": [
        "domelementtype",
        "domhandler",
        "domutils",
        "entities"
      ]
    },
    "iceberg-js@0.8.1": {
      "integrity": "sha512-1dhVQZXhcHje7798IVM+xoo/1ZdVfzOMIc8/rgVSijRK38EDqOJoGula9N/8ZI5RD8QTxNQtK/Gozpr+qUqRRA=="
    },
    "leac@0.6.0": {
      "integrity": "sha512-y+SqErxb8h7nE/fiEX07jsbuhrpO9lL8eca7/Y1nuWV2moNlXhyd59iDGcRf6moVyDMbmTNzL40SUyrFU/yDpg=="
    },
    "marked@15.0.12": {
      "integrity": "sha512-8dD6FusOQSrpv9Z1rdNMdlSgQOIP880DHqnohobOmYLElGEqAL/JvxvuxZO16r4HtjTlfPRDC1hbvxC9dPN2nA==",
      "bin": true
    },
    "parseley@0.12.1": {
      "integrity": "sha512-e6qHKe3a9HWr0oMRVDTRhKce+bRO8VGQR3NyVwcjwrbhMmFCX9KszEV35+rn4AdilFAq9VPxP/Fe1wC9Qjd2lw==",
      "dependencies": [
        "leac",
        "peberminta"
      ]
    },
    "peberminta@0.9.0": {
      "integrity": "sha512-XIxfHpEuSJbITd1H3EeQwpcZbTLHc+VVr8ANI9t5sit565tsI4/xK3KWTUFE2e6QiangUkh3B0jihzmGnNrRsQ=="
    },
    "prettier@3.9.9": {
      "integrity": "sha512-Z/CJHIkdujO/OtN7nXUii0Rf3VT5SRuhjBA82Xvu2XhBUgX3nhP67T0LHceBdQLex7OOFGTox+Q5Yg8Jk2Qivg==",
      "bin": true
    },
    "prismjs@1.30.0": {
      "integrity": "sha512-DEvV2ZF2r2/63V+tK8hQvrR2ZGn10srHbXviTlcv7Kpzw8jWiNTqbVgjO3IY8RxrrOUF8VPMQQFysYYYv0YZxw=="
    },
    "react-dom@19.3.0_react@19.3.0": {
      "integrity": "sha512-JDk8dgif51OjFoDE70+OT9ICyYr+69HlmihNwp1+Nsfbna3t5sIiCa9ZJktDmQ4/1b/rn26hIAR2uYXDMr5r0Q==",
      "dependencies": [
        "react",
        "scheduler"
      ]
    },
    "react@19.3.0": {
      "integrity": "sha512-E8LUcbtBWt20bbl2YoHfx4ZDBdxVTfOKtCZn9cDSJ4l6/nuoApcpIBcj47t2wZoVX8g2ZHuMHbiShgCR1T5Sog=="
    },
    "scheduler@0.28.0": {
      "integrity": "sha512-juorfCmIkIw8tT+p5BXSm6PJjQF/ycEYmKyzURCIt/RaZIhL+PulbQ9Yu2z1HdOJDdqDTlxA1+xKBmHXJsczAw=="
    },
    "selderee@0.11.0": {
      "integrity": "sha512-5TF+l7p4+OsnP8BCCvSyZiSPc4x4//p5uPwK8TCnVPJYRmU2aYKMpOXvw8zM5a5JvuuCGN1jmsMwuU2W02ukfA==",
      "dependencies": [
        "parseley"
      ]
    },
    "tailwindcss@4.3.3": {
      "integrity": "sha512-gOhV3P7ufE62QDGg1zVaTgCR+EtPv92k2nIhVcVKcLmxT1sUBsQGhnZj175j+MqRt4zLF7ic+sCYjfhxMxj7YQ=="
    },
    "tslib@2.8.1": {
      "integrity": "sha512-oJFu94HQb+KVduSUQL7wnpmqnfmLsOA/nAh6b6EH0wCEoK0/mPeXU6c3wKDV83MkOuHPRHtSXKKU99IBazS/2w=="
    }
  },
  "workspace": {
    "dependencies": [
      "npm:@react-email/components@1.0.12",
      "npm:@supabase/supabase-js@2.117.2",
      "npm:@types/react@19.3.0",
      "npm:react-dom@19.3.0",
      "npm:react@19.3.0"
    ]
  }
}
